// !$*UTF8*$!
{
	archiveVersion = 1;
	classes = {
	};
	objectVersion = 46;
	objects = {

/* Begin PBXBuildFile section */
		240C7DB81F5DD5BA00873982 /* CameraViewController.swift in Sources */ = {isa = PBXBuildFile; fileRef = 240C7DB71F5DD5BA00873982 /* CameraViewController.swift */; };
		242480481F65C43D00F348F5 /* MapsViewController.swift in Sources */ = {isa = PBXBuildFile; fileRef = 242480471F65C43D00F348F5 /* MapsViewController.swift */; };
		246865CC1F5C169200EA8F53 /* EyesTableViewCell.swift in Sources */ = {isa = PBXBuildFile; fileRef = 246865CB1F5C169200EA8F53 /* EyesTableViewCell.swift */; };
		246865CE1F5C17F500EA8F53 /* PostEyes.swift in Sources */ = {isa = PBXBuildFile; fileRef = 246865CD1F5C17F500EA8F53 /* PostEyes.swift */; };
		24AE744D1F4B5C1D007D2719 /* AppDelegate.swift in Sources */ = {isa = PBXBuildFile; fileRef = 24AE744C1F4B5C1D007D2719 /* AppDelegate.swift */; };
		24AE744F1F4B5C1D007D2719 /* ViewController.swift in Sources */ = {isa = PBXBuildFile; fileRef = 24AE744E1F4B5C1D007D2719 /* ViewController.swift */; };
		24AE74521F4B5C1D007D2719 /* Main.storyboard in Resources */ = {isa = PBXBuildFile; fileRef = 24AE74501F4B5C1D007D2719 /* Main.storyboard */; };
		24AE74541F4B5C1D007D2719 /* Assets.xcassets in Resources */ = {isa = PBXBuildFile; fileRef = 24AE74531F4B5C1D007D2719 /* Assets.xcassets */; };
		24AE74571F4B5C1D007D2719 /* LaunchScreen.storyboard in Resources */ = {isa = PBXBuildFile; fileRef = 24AE74551F4B5C1D007D2719 /* LaunchScreen.storyboard */; };
		24E1DFD31F617BF10003AE9A /* Model.xcdatamodeld in Sources */ = {isa = PBXBuildFile; fileRef = 24E1DFD11F617BF10003AE9A /* Model.xcdatamodeld */; };
		24E1DFD51F6193D40003AE9A /* DBManager.swift in Sources */ = {isa = PBXBuildFile; fileRef = 24E1DFD41F6193D40003AE9A /* DBManager.swift */; };
		24FD10A61F71B45500AA1EC3 /* LocationSearchTable.swift in Sources */ = {isa = PBXBuildFile; fileRef = 24FD10A51F71B45500AA1EC3 /* LocationSearchTable.swift */; };
/* End PBXBuildFile section */

/* Begin PBXFileReference section */
		240C7DB71F5DD5BA00873982 /* CameraViewController.swift */ = {isa = PBXFileReference; fileEncoding = 4; lastKnownFileType = sourcecode.swift; path = CameraViewController.swift; sourceTree = "<group>"; };
		242480471F65C43D00F348F5 /* MapsViewController.swift */ = {isa = PBXFileReference; fileEncoding = 4; lastKnownFileType = sourcecode.swift; path = MapsViewController.swift; sourceTree = "<group>"; };
		246865CB1F5C169200EA8F53 /* EyesTableViewCell.swift */ = {isa = PBXFileReference; fileEncoding = 4; lastKnownFileType = sourcecode.swift; path = EyesTableViewCell.swift; sourceTree = "<group>"; };
		246865CD1F5C17F500EA8F53 /* PostEyes.swift */ = {isa = PBXFileReference; fileEncoding = 4; lastKnownFileType = sourcecode.swift; path = PostEyes.swift; sourceTree = "<group>"; };
		24AE74491F4B5C1D007D2719 /* EyesApp.app */ = {isa = PBXFileReference; explicitFileType = wrapper.application; includeInIndex = 0; path = EyesApp.app; sourceTree = BUILT_PRODUCTS_DIR; };
		24AE744C1F4B5C1D007D2719 /* AppDelegate.swift */ = {isa = PBXFileReference; lastKnownFileType = sourcecode.swift; path = AppDelegate.swift; sourceTree = "<group>"; };
		24AE744E1F4B5C1D007D2719 /* ViewController.swift */ = {isa = PBXFileReference; lastKnownFileType = sourcecode.swift; path = ViewController.swift; sourceTree = "<group>"; };
		24AE74511F4B5C1D007D2719 /* Base */ = {isa = PBXFileReference; lastKnownFileType = file.storyboard; name = Base; path = Base.lproj/Main.storyboard; sourceTree = "<group>"; };
		24AE74531F4B5C1D007D2719 /* Assets.xcassets */ = {isa = PBXFileReference; lastKnownFileType = folder.assetcatalog; path = Assets.xcassets; sourceTree = "<group>"; };
		24AE74561F4B5C1D007D2719 /* Base */ = {isa = PBXFileReference; lastKnownFileType = file.storyboard; name = Base; path = Base.lproj/LaunchScreen.storyboard; sourceTree = "<group>"; };
		24AE74581F4B5C1D007D2719 /* Info.plist */ = {isa = PBXFileReference; lastKnownFileType = text.plist.xml; path = Info.plist; sourceTree = "<group>"; };
		24E1DFD21F617BF10003AE9A /* Model.xcdatamodel */ = {isa = PBXFileReference; lastKnownFileType = wrapper.xcdatamodel; path = Model.xcdatamodel; sourceTree = "<group>"; };
		24E1DFD41F6193D40003AE9A /* DBManager.swift */ = {isa = PBXFileReference; fileEncoding = 4; lastKnownFileType = sourcecode.swift; path = DBManager.swift; sourceTree = "<group>"; };
		24FD10A51F71B45500AA1EC3 /* LocationSearchTable.swift */ = {isa = PBXFileReference; fileEncoding = 4; lastKnownFileType = sourcecode.swift; path = LocationSearchTable.swift; sourceTree = "<group>"; };
/* End PBXFileReference section */

/* Begin PBXFrameworksBuildPhase section */
		24AE74461F4B5C1D007D2719 /* Frameworks */ = {
			isa = PBXFrameworksBuildPhase;
			buildActionMask = 2147483647;
			files = (
			);
			runOnlyForDeploymentPostprocessing = 0;
		};
/* End PBXFrameworksBuildPhase section */

/* Begin PBXGroup section */
		24AE74401F4B5C1D007D2719 = {
			isa = PBXGroup;
			children = (
				24AE744B1F4B5C1D007D2719 /* EyesApp */,
				24AE744A1F4B5C1D007D2719 /* Products */,
			);
			sourceTree = "<group>";
		};
		24AE744A1F4B5C1D007D2719 /* Products */ = {
			isa = PBXGroup;
			children = (
				24AE74491F4B5C1D007D2719 /* EyesApp.app */,
			);
			name = Products;
			sourceTree = "<group>";
		};
		24AE744B1F4B5C1D007D2719 /* EyesApp */ = {
			isa = PBXGroup;
			children = (
				240C7DB71F5DD5BA00873982 /* CameraViewController.swift */,
				24AE744C1F4B5C1D007D2719 /* AppDelegate.swift */,
				24AE744E1F4B5C1D007D2719 /* ViewController.swift */,
				24AE74501F4B5C1D007D2719 /* Main.storyboard */,
				24AE74531F4B5C1D007D2719 /* Assets.xcassets */,
				24AE74551F4B5C1D007D2719 /* LaunchScreen.storyboard */,
				24AE74581F4B5C1D007D2719 /* Info.plist */,
				246865CB1F5C169200EA8F53 /* EyesTableViewCell.swift */,
				246865CD1F5C17F500EA8F53 /* PostEyes.swift */,
				24E1DFD11F617BF10003AE9A /* Model.xcdatamodeld */,
				24E1DFD41F6193D40003AE9A /* DBManager.swift */,
				242480471F65C43D00F348F5 /* MapsViewController.swift */,
				24FD10A51F71B45500AA1EC3 /* LocationSearchTable.swift */,
			);
			path = EyesApp;
			sourceTree = "<group>";
		};
/* End PBXGroup section */

/* Begin PBXNativeTarget section */
		24AE74481F4B5C1D007D2719 /* EyesApp */ = {
			isa = PBXNativeTarget;
			buildConfigurationList = 24AE745B1F4B5C1D007D2719 /* Build configuration list for PBXNativeTarget "EyesApp" */;
			buildPhases = (
				24AE74451F4B5C1D007D2719 /* Sources */,
				24AE74461F4B5C1D007D2719 /* Frameworks */,
				24AE74471F4B5C1D007D2719 /* Resources */,
			);
			buildRules = (
			);
			dependencies = (
			);
			name = EyesApp;
			productName = EyesApp;
			productReference = 24AE74491F4B5C1D007D2719 /* EyesApp.app */;
			productType = "com.apple.product-type.application";
		};
/* End PBXNativeTarget section */

/* Begin PBXProject section */
		24AE74411F4B5C1D007D2719 /* Project object */ = {
			isa = PBXProject;
			attributes = {
				LastSwiftUpdateCheck = 0830;
				LastUpgradeCheck = 0830;
				ORGANIZATIONNAME = simo;
				TargetAttributes = {
					24AE74481F4B5C1D007D2719 = {
						CreatedOnToolsVersion = 8.3.2;
						DevelopmentTeam = HHKSC9S7CP;
						ProvisioningStyle = Automatic;
					};
				};
			};
			buildConfigurationList = 24AE74441F4B5C1D007D2719 /* Build configuration list for PBXProject "EyesApp" */;
			compatibilityVersion = "Xcode 3.2";
			developmentRegion = English;
			hasScannedForEncodings = 0;
			knownRegions = (
				en,
				Base,
			);
			mainGroup = 24AE74401F4B5C1D007D2719;
			productRefGroup = 24AE744A1F4B5C1D007D2719 /* Products */;
			projectDirPath = "";
			projectRoot = "";
			targets = (
				24AE74481F4B5C1D007D2719 /* EyesApp */,
			);
		};
/* End PBXProject section */

/* Begin PBXResourcesBuildPhase section */
		24AE74471F4B5C1D007D2719 /* Resources */ = {
			isa = PBXResourcesBuildPhase;
			buildActionMask = 2147483647;
			files = (
				24AE74571F4B5C1D007D2719 /* LaunchScreen.storyboard in Resources */,
				24AE74541F4B5C1D007D2719 /* Assets.xcassets in Resources */,
				24AE74521F4B5C1D007D2719 /* Main.storyboard in Resources */,
			);
			runOnlyForDeploymentPostprocessing = 0;
		};
/* End PBXResourcesBuildPhase section */

/* Begin PBXSourcesBuildPhase section */
		24AE74451F4B5C1D007D2719 /* Sources */ = {
			isa = PBXSourcesBuildPhase;
			buildActionMask = 2147483647;
			files = (
				246865CE1F5C17F500EA8F53 /* PostEyes.swift in Sources */,
				240C7DB81F5DD5BA00873982 /* CameraViewController.swift in Sources */,
				24AE744F1F4B5C1D007D2719 /* ViewController.swift in Sources */,
				24FD10A61F71B45500AA1EC3 /* LocationSearchTable.swift in Sources */,
				242480481F65C43D00F348F5 /* MapsViewController.swift in Sources */,
				24AE744D1F4B5C1D007D2719 /* AppDelegate.swift in Sources */,
				246865CC1F5C169200EA8F53 /* EyesTableViewCell.swift in Sources */,
				24E1DFD31F617BF10003AE9A /* Model.xcdatamodeld in Sources */,
				24E1DFD51F6193D40003AE9A /* DBManager.swift in Sources */,
			);
			runOnlyForDeploymentPostprocessing = 0;
		};
/* End PBXSourcesBuildPhase section */

/* Begin PBXVariantGroup section */
		24AE74501F4B5C1D007D2719 /* Main.storyboard */ = {
			isa = PBXVariantGroup;
			children = (
				24AE74511F4B5C1D007D2719 /* Base */,
			);
			name = Main.storyboard;
			sourceTree = "<group>";
		};
		24AE74551F4B5C1D007D2719 /* LaunchScreen.storyboard */ = {
			isa = PBXVariantGroup;
			children = (
				24AE74561F4B5C1D007D2719 /* Base */,
			);
			name = LaunchScreen.storyboard;
			sourceTree = "<group>";
		};
/* End PBXVariantGroup section */

/* Begin XCBuildConfiguration section */
		24AE74591F4B5C1D007D2719 /* Debug */ = {
			isa = XCBuildConfiguration;
			buildSettings = {
				ALWAYS_SEARCH_USER_PATHS = NO;
				CLANG_ANALYZER_NONNULL = YES;
				CLANG_ANALYZER_NUMBER_OBJECT_CONVERSION = YES_AGGRESSIVE;
				CLANG_CXX_LANGUAGE_STANDARD = "gnu++0x";
				CLANG_CXX_LIBRARY = "libc++";
				CLANG_ENABLE_MODULES = YES;
				CLANG_ENABLE_OBJC_ARC = YES;
				CLANG_WARN_BOOL_CONVERSION = YES;
				CLANG_WARN_CONSTANT_CONVERSION = YES;
				CLANG_WARN_DIRECT_OBJC_ISA_USAGE = YES_ERROR;
				CLANG_WARN_DOCUMENTATION_COMMENTS = YES;
				CLANG_WARN_EMPTY_BODY = YES;
				CLANG_WARN_ENUM_CONVERSION = YES;
				CLANG_WARN_INFINITE_RECURSION = YES;
				CLANG_WARN_INT_CONVERSION = YES;
				CLANG_WARN_OBJC_ROOT_CLASS = YES_ERROR;
				CLANG_WARN_SUSPICIOUS_MOVE = YES;
				CLANG_WARN_UNREACHABLE_CODE = YES;
				CLANG_WARN__DUPLICATE_METHOD_MATCH = YES;
				"CODE_SIGN_IDENTITY[sdk=iphoneos*]" = "iPhone Developer";
				COPY_PHASE_STRIP = NO;
				DEBUG_INFORMATION_FORMAT = dwarf;
				ENABLE_STRICT_OBJC_MSGSEND = YES;
				ENABLE_TESTABILITY = YES;
				GCC_C_LANGUAGE_STANDARD = gnu99;
				GCC_DYNAMIC_NO_PIC = NO;
				GCC_NO_COMMON_BLOCKS = YES;
				GCC_OPTIMIZATION_LEVEL = 0;
				GCC_PREPROCESSOR_DEFINITIONS = (
					"DEBUG=1",
					"$(inherited)",
				);
				GCC_WARN_64_TO_32_BIT_CONVERSION = YES;
				GCC_WARN_ABOUT_RETURN_TYPE = YES_ERROR;
				GCC_WARN_UNDECLARED_SELECTOR = YES;
				GCC_WARN_UNINITIALIZED_AUTOS = YES_AGGRESSIVE;
				GCC_WARN_UNUSED_FUNCTION = YES;
				GCC_WARN_UNUSED_VARIABLE = YES;
				IPHONEOS_DEPLOYMENT_TARGET = 9.3;
				MTL_ENABLE_DEBUG_INFO = YES;
				ONLY_ACTIVE_ARCH = YES;
				SDKROOT = iphoneos;
				SWIFT_ACTIVE_COMPILATION_CONDITIONS = DEBUG;
				SWIFT_OPTIMIZATION_LEVEL = "-Onone";
				TARGETED_DEVICE_FAMILY = "1,2";
			};
			name = Debug;
		};
		24AE745A1F4B5C1D007D2719 /* Release */ = {
			isa = XCBuildConfiguration;
			buildSettings = {
				ALWAYS_SEARCH_USER_PATHS = NO;
				CLANG_ANALYZER_NONNULL = YES;
				CLANG_ANALYZER_NUMBER_OBJECT_CONVERSION = YES_AGGRESSIVE;
				CLANG_CXX_LANGUAGE_STANDARD = "gnu++0x";
				CLANG_CXX_LIBRARY = "libc++";
				CLANG_ENABLE_MODULES = YES;
				CLANG_ENABLE_OBJC_ARC = YES;
				CLANG_WARN_BOOL_CONVERSION = YES;
				CLANG_WARN_CONSTANT_CONVERSION = YES;
				CLANG_WARN_DIRECT_OBJC_ISA_USAGE = YES_ERROR;
				CLANG_WARN_DOCUMENTATION_COMMENTS = YES;
				CLANG_WARN_EMPTY_BODY = YES;
				CLANG_WARN_ENUM_CONVERSION = YES;
				CLANG_WARN_INFINITE_RECURSION = YES;
				CLANG_WARN_INT_CONVERSION = YES;
				CLANG_WARN_OBJC_ROOT_CLASS = YES_ERROR;
				CLANG_WARN_SUSPICIOUS_MOVE = YES;
				CLANG_WARN_UNREACHABLE_CODE = YES;
				CLANG_WARN__DUPLICATE_METHOD_MATCH = YES;
				"CODE_SIGN_IDENTITY[sdk=iphoneos*]" = "iPhone Developer";
				COPY_PHASE_STRIP = NO;
				DEBUG_INFORMATION_FORMAT = "dwarf-with-dsym";
				ENABLE_NS_ASSERTIONS = NO;
				ENABLE_STRICT_OBJC_MSGSEND = YES;
				GCC_C_LANGUAGE_STANDARD = gnu99;
				GCC_NO_COMMON_BLOCKS = YES;
				GCC_WARN_64_TO_32_BIT_CONVERSION = YES;
				GCC_WARN_ABOUT_RETURN_TYPE = YES_ERROR;
				GCC_WARN_UNDECLARED_SELECTOR = YES;
				GCC_WARN_UNINITIALIZED_AUTOS = YES_AGGRESSIVE;
				GCC_WARN_UNUSED_FUNCTION = YES;
				GCC_WARN_UNUSED_VARIABLE = YES;
				IPHONEOS_DEPLOYMENT_TARGET = 9.3;
				MTL_ENABLE_DEBUG_INFO = NO;
				SDKROOT = iphoneos;
				SWIFT_OPTIMIZATION_LEVEL = "-Owholemodule";
				TARGETED_DEVICE_FAMILY = "1,2";
				VALIDATE_PRODUCT = YES;
			};
			name = Release;
		};
		24AE745C1F4B5C1D007D2719 /* Debug */ = {
			isa = XCBuildConfiguration;
			buildSettings = {
				ASSETCATALOG_COMPILER_APPICON_NAME = AppIcon;
				CODE_SIGN_IDENTITY = "iPhone Developer";
				"CODE_SIGN_IDENTITY[sdk=iphoneos*]" = "iPhone Developer";
				DEVELOPMENT_TEAM = HHKSC9S7CP;
				INFOPLIST_FILE = EyesApp/Info.plist;
				IPHONEOS_DEPLOYMENT_TARGET = 10.0;
				LD_RUNPATH_SEARCH_PATHS = "$(inherited) @executable_path/Frameworks";
				PRODUCT_BUNDLE_IDENTIFIER = com.EyesApp.dev;
				PRODUCT_NAME = "$(TARGET_NAME)";
				PROVISIONING_PROFILE_SPECIFIER = "";
				SWIFT_VERSION = 3.0;
			};
			name = Debug;
		};
		24AE745D1F4B5C1D007D2719 /* Release */ = {
			isa = XCBuildConfiguration;
			buildSettings = {
				ASSETCATALOG_COMPILER_APPICON_NAME = AppIcon;
				CODE_SIGN_IDENTITY = "iPhone Developer";
				"CODE_SIGN_IDENTITY[sdk=iphoneos*]" = "iPhone Developer";
				DEVELOPMENT_TEAM = HHKSC9S7CP;
				INFOPLIST_FILE = EyesApp/Info.plist;
				IPHONEOS_DEPLOYMENT_TARGET = 10.0;
				LD_RUNPATH_SEARCH_PATHS = "$(inherited) @executable_path/Frameworks";
				PRODUCT_BUNDLE_IDENTIFIER = com.EyesApp.dev;
				PRODUCT_NAME = "$(TARGET_NAME)";
				PROVISIONING_PROFILE_SPECIFIER = "";
				SWIFT_VERSION = 3.0;
			};
			name = Release;
		};
/* End XCBuildConfiguration section */

/* Begin XCConfigurationList section */
		24AE74441F4B5C1D007D2719 /* Build configuration list for PBXProject "EyesApp" */ = {
			isa = XCConfigurationList;
			buildConfigurations = (
				24AE74591F4B5C1D007D2719 /* Debug */,
				24AE745A1F4B5C1D007D2719 /* Release */,
			);
			defaultConfigurationIsVisible = 0;
			defaultConfigurationName = Release;
		};
		24AE745B1F4B5C1D007D2719 /* Build configuration list for PBXNativeTarget "EyesApp" */ = {
			isa = XCConfigurationList;
			buildConfigurations = (
				24AE745C1F4B5C1D007D2719 /* Debug */,
				24AE745D1F4B5C1D007D2719 /* Release */,
			);
			defaultConfigurationIsVisible = 0;
			defaultConfigurationName = Release;
		};
/* End XCConfigurationList section */

/* Begin XCVersionGroup section */
		24E1DFD11F617BF10003AE9A /* Model.xcdatamodeld */ = {
			isa = XCVersionGroup;
			children = (
				24E1DFD21F617BF10003AE9A /* Model.xcdatamodel */,
			);
			currentVersion = 24E1DFD21F617BF10003AE9A /* Model.xcdatamodel */;
			path = Model.xcdatamodeld;
			sourceTree = "<group>";
			versionGroupType = wrapper.xcdatamodel;
		};
/* End XCVersionGroup section */
	};
	rootObject = 24AE74411F4B5C1D007D2719 /* Project object */;
}
