// !$*UTF8*$!
{
	archiveVersion = 1;
	classes = {
	};
	objectVersion = 46;
	objects = {

/* Begin PBXBuildFile section */
		242C19401FF67CD5006DEA38 /* FIRImage.swift in Sources */ = {isa = PBXBuildFile; fileRef = 242C193E1FF67CD5006DEA38 /* FIRImage.swift */; };
		242C19411FF67CD5006DEA38 /* FirebaseReference.swift in Sources */ = {isa = PBXBuildFile; fileRef = 242C193F1FF67CD5006DEA38 /* FirebaseReference.swift */; };
		242C19431FF6A407006DEA38 /* Localizable.strings in Resources */ = {isa = PBXBuildFile; fileRef = 242C19421FF6A407006DEA38 /* Localizable.strings */; };
		242C19451FF6B0AC006DEA38 /* String.swift in Sources */ = {isa = PBXBuildFile; fileRef = 242C19441FF6B0AC006DEA38 /* String.swift */; };
		242C19471FF6D348006DEA38 /* UIAlertController.swift in Sources */ = {isa = PBXBuildFile; fileRef = 242C19461FF6D348006DEA38 /* UIAlertController.swift */; };
		242C19491FF70BED006DEA38 /* Navigator.swift in Sources */ = {isa = PBXBuildFile; fileRef = 242C19481FF70BED006DEA38 /* Navigator.swift */; };
		242C194F1FF7C48C006DEA38 /* Profil.storyboard in Resources */ = {isa = PBXBuildFile; fileRef = 242C194E1FF7C48C006DEA38 /* Profil.storyboard */; };
		242C19511FF7C4AA006DEA38 /* ProfilTableViewController.swift in Sources */ = {isa = PBXBuildFile; fileRef = 242C19501FF7C4AA006DEA38 /* ProfilTableViewController.swift */; };
		242C19531FF807DB006DEA38 /* ProfilViewModel.swift in Sources */ = {isa = PBXBuildFile; fileRef = 242C19521FF807DB006DEA38 /* ProfilViewModel.swift */; };
		243EA5141FD4321700B8FBA3 /* GradientView.swift in Sources */ = {isa = PBXBuildFile; fileRef = 243EA5131FD4321700B8FBA3 /* GradientView.swift */; };
		243EA5171FD4376B00B8FBA3 /* DesignableTextField.swift in Sources */ = {isa = PBXBuildFile; fileRef = 243EA5151FD4376B00B8FBA3 /* DesignableTextField.swift */; };
		243EA5181FD4376B00B8FBA3 /* SizeZeroWhenHiddenView.swift in Sources */ = {isa = PBXBuildFile; fileRef = 243EA5161FD4376B00B8FBA3 /* SizeZeroWhenHiddenView.swift */; };
		243EA51A1FDD670300B8FBA3 /* RestUser.swift in Sources */ = {isa = PBXBuildFile; fileRef = 243EA5191FDD670300B8FBA3 /* RestUser.swift */; };
		243EA51C1FDD67AA00B8FBA3 /* RestAdresse.swift in Sources */ = {isa = PBXBuildFile; fileRef = 243EA51B1FDD67AA00B8FBA3 /* RestAdresse.swift */; };
		243EA51E1FDD6B4A00B8FBA3 /* RestLieu.swift in Sources */ = {isa = PBXBuildFile; fileRef = 243EA51D1FDD6B4A00B8FBA3 /* RestLieu.swift */; };
		243EA5201FDD6CB400B8FBA3 /* RestEtat.swift in Sources */ = {isa = PBXBuildFile; fileRef = 243EA51F1FDD6CB400B8FBA3 /* RestEtat.swift */; };
		243EA5221FDD6D7A00B8FBA3 /* RestReponse.swift in Sources */ = {isa = PBXBuildFile; fileRef = 243EA5211FDD6D7A00B8FBA3 /* RestReponse.swift */; };
		243EA5241FDD6E8D00B8FBA3 /* RestDemande.swift in Sources */ = {isa = PBXBuildFile; fileRef = 243EA5231FDD6E8D00B8FBA3 /* RestDemande.swift */; };
		243EA5261FDD6EBE00B8FBA3 /* RestTypeDemande.swift in Sources */ = {isa = PBXBuildFile; fileRef = 243EA5251FDD6EBE00B8FBA3 /* RestTypeDemande.swift */; };
		243EA5281FDD73CA00B8FBA3 /* RestHistorique.swift in Sources */ = {isa = PBXBuildFile; fileRef = 243EA5271FDD73CA00B8FBA3 /* RestHistorique.swift */; };
		243EA52A1FDD74DF00B8FBA3 /* RestTypeAction.swift in Sources */ = {isa = PBXBuildFile; fileRef = 243EA5291FDD74DF00B8FBA3 /* RestTypeAction.swift */; };
		244B18EE1FF04AB700E50F14 /* BuildConfig.swift in Sources */ = {isa = PBXBuildFile; fileRef = 244B18EC1FF04AB700E50F14 /* BuildConfig.swift */; };
		244B18F21FF04E8800E50F14 /* UserRepository.swift in Sources */ = {isa = PBXBuildFile; fileRef = 244B18F11FF04E8800E50F14 /* UserRepository.swift */; };
		244C90721FF8F83B006D8475 /* Extension.swift in Sources */ = {isa = PBXBuildFile; fileRef = 244C90711FF8F83B006D8475 /* Extension.swift */; };
		2457A1D01FF4DB2800465FDF /* CreateAccountTableViewController.swift in Sources */ = {isa = PBXBuildFile; fileRef = 2457A1CF1FF4DB2800465FDF /* CreateAccountTableViewController.swift */; };
		2457A1D21FF4DB3C00465FDF /* CreateAccountViewModel.swift in Sources */ = {isa = PBXBuildFile; fileRef = 2457A1D11FF4DB3C00465FDF /* CreateAccountViewModel.swift */; };
		2459E530201346F600762489 /* EyesUser.swift in Sources */ = {isa = PBXBuildFile; fileRef = 2459E52F201346F600762489 /* EyesUser.swift */; };
		248E85C71FF172C30047CADE /* Info_Stubs.plist in Resources */ = {isa = PBXBuildFile; fileRef = 248E85C61FF172C30047CADE /* Info_Stubs.plist */; };
		248E85CB1FF192950047CADE /* GoogleService-Info.plist in Resources */ = {isa = PBXBuildFile; fileRef = 248E85CA1FF192950047CADE /* GoogleService-Info.plist */; };
		248E85D11FF198660047CADE /* Login.storyboard in Resources */ = {isa = PBXBuildFile; fileRef = 248E85D01FF198660047CADE /* Login.storyboard */; };
		248E85D31FF19D9C0047CADE /* LoginViewModel.swift in Sources */ = {isa = PBXBuildFile; fileRef = 248E85D21FF19D9C0047CADE /* LoginViewModel.swift */; };
		248E85D51FF19DA70047CADE /* LoginViewController.swift in Sources */ = {isa = PBXBuildFile; fileRef = 248E85D41FF19DA70047CADE /* LoginViewController.swift */; };
		24A7D7BD1FEEBAB90077EC52 /* UserNetwork.swift in Sources */ = {isa = PBXBuildFile; fileRef = 24A7D7BC1FEEBAB90077EC52 /* UserNetwork.swift */; };
		24A7D7BF1FEEBB320077EC52 /* RestBaseParams.swift in Sources */ = {isa = PBXBuildFile; fileRef = 24A7D7BE1FEEBB320077EC52 /* RestBaseParams.swift */; };
		24A7D7C11FEECB8C0077EC52 /* Network.swift in Sources */ = {isa = PBXBuildFile; fileRef = 24A7D7C01FEECB8C0077EC52 /* Network.swift */; };
		24AE14CB1FAF98F90048BF4E /* CameraViewController.swift in Sources */ = {isa = PBXBuildFile; fileRef = 24AE14C91FAF98F90048BF4E /* CameraViewController.swift */; };
		24AE14CF1FAF99410048BF4E /* LocationSearchTable.swift in Sources */ = {isa = PBXBuildFile; fileRef = 24AE14CC1FAF99410048BF4E /* LocationSearchTable.swift */; };
		24AE14D01FAF99410048BF4E /* Maps.storyboard in Resources */ = {isa = PBXBuildFile; fileRef = 24AE14CD1FAF99410048BF4E /* Maps.storyboard */; };
		24AE14D11FAF99410048BF4E /* MapsViewController.swift in Sources */ = {isa = PBXBuildFile; fileRef = 24AE14CE1FAF99410048BF4E /* MapsViewController.swift */; };
		24AE14D41FAF99E50048BF4E /* ImageCollectionViewCell.swift in Sources */ = {isa = PBXBuildFile; fileRef = 24AE14D21FAF99E50048BF4E /* ImageCollectionViewCell.swift */; };
		24AE14D51FAF99E50048BF4E /* ImagesCollectionViewController.swift in Sources */ = {isa = PBXBuildFile; fileRef = 24AE14D31FAF99E50048BF4E /* ImagesCollectionViewController.swift */; };
		24AE14D71FAF9A030048BF4E /* EyesTableViewCell.swift in Sources */ = {isa = PBXBuildFile; fileRef = 24AE14D61FAF9A030048BF4E /* EyesTableViewCell.swift */; };
		24AE744D1F4B5C1D007D2719 /* AppDelegate.swift in Sources */ = {isa = PBXBuildFile; fileRef = 24AE744C1F4B5C1D007D2719 /* AppDelegate.swift */; };
		24AE74541F4B5C1D007D2719 /* Assets.xcassets in Resources */ = {isa = PBXBuildFile; fileRef = 24AE74531F4B5C1D007D2719 /* Assets.xcassets */; };
		24AE74571F4B5C1D007D2719 /* LaunchScreen.storyboard in Resources */ = {isa = PBXBuildFile; fileRef = 24AE74551F4B5C1D007D2719 /* LaunchScreen.storyboard */; };
		24E1DFD51F6193D40003AE9A /* DBManager.swift in Sources */ = {isa = PBXBuildFile; fileRef = 24E1DFD41F6193D40003AE9A /* DBManager.swift */; };
		24F888771FAFA6EA008E851A /* CollectionPoi.storyboard in Resources */ = {isa = PBXBuildFile; fileRef = 24F888741FAFA6EA008E851A /* CollectionPoi.storyboard */; };
		24F888781FAFA6EA008E851A /* SuggestionTableView.swift in Sources */ = {isa = PBXBuildFile; fileRef = 24F888751FAFA6EA008E851A /* SuggestionTableView.swift */; };
		24F888791FAFA6EA008E851A /* SuggestTableViewCell.swift in Sources */ = {isa = PBXBuildFile; fileRef = 24F888761FAFA6EA008E851A /* SuggestTableViewCell.swift */; };
		24F8887B1FAFA70D008E851A /* PoiEyes.swift in Sources */ = {isa = PBXBuildFile; fileRef = 24F8887A1FAFA70D008E851A /* PoiEyes.swift */; };
		24F8887D1FAFA722008E851A /* PostEyes.swift in Sources */ = {isa = PBXBuildFile; fileRef = 24F8887C1FAFA722008E851A /* PostEyes.swift */; };
		24F888801FAFA73C008E851A /* Main.storyboard in Resources */ = {isa = PBXBuildFile; fileRef = 24F8887E1FAFA73C008E851A /* Main.storyboard */; };
		24F888811FAFA73C008E851A /* ViewController.swift in Sources */ = {isa = PBXBuildFile; fileRef = 24F8887F1FAFA73C008E851A /* ViewController.swift */; };
		24F888861FAFA8C9008E851A /* PoiViewModel.swift in Sources */ = {isa = PBXBuildFile; fileRef = 24F888851FAFA8C9008E851A /* PoiViewModel.swift */; };
		7B58AA7DCDFD247EC96F996D /* Pods_EyesApp.framework in Frameworks */ = {isa = PBXBuildFile; fileRef = EDE91020D9D0FA0055B269ED /* Pods_EyesApp.framework */; };
/* End PBXBuildFile section */

/* Begin PBXFileReference section */
		242C193E1FF67CD5006DEA38 /* FIRImage.swift */ = {isa = PBXFileReference; fileEncoding = 4; lastKnownFileType = sourcecode.swift; path = FIRImage.swift; sourceTree = "<group>"; };
		242C193F1FF67CD5006DEA38 /* FirebaseReference.swift */ = {isa = PBXFileReference; fileEncoding = 4; lastKnownFileType = sourcecode.swift; path = FirebaseReference.swift; sourceTree = "<group>"; };
		242C19421FF6A407006DEA38 /* Localizable.strings */ = {isa = PBXFileReference; lastKnownFileType = text.plist.strings; name = Localizable.strings; path = EyesApp/Common/Localizable.strings; sourceTree = "<group>"; };
		242C19441FF6B0AC006DEA38 /* String.swift */ = {isa = PBXFileReference; lastKnownFileType = sourcecode.swift; name = String.swift; path = EyesApp/Common/String.swift; sourceTree = "<group>"; };
		242C19461FF6D348006DEA38 /* UIAlertController.swift */ = {isa = PBXFileReference; fileEncoding = 4; lastKnownFileType = sourcecode.swift; name = UIAlertController.swift; path = EyesApp/Common/UIAlertController.swift; sourceTree = "<group>"; };
		242C19481FF70BED006DEA38 /* Navigator.swift */ = {isa = PBXFileReference; lastKnownFileType = sourcecode.swift; name = Navigator.swift; path = EyesApp/Common/Navigator.swift; sourceTree = "<group>"; };
		242C194E1FF7C48C006DEA38 /* Profil.storyboard */ = {isa = PBXFileReference; lastKnownFileType = file.storyboard; path = Profil.storyboard; sourceTree = "<group>"; };
		242C19501FF7C4AA006DEA38 /* ProfilTableViewController.swift */ = {isa = PBXFileReference; lastKnownFileType = sourcecode.swift; path = ProfilTableViewController.swift; sourceTree = "<group>"; };
		242C19521FF807DB006DEA38 /* ProfilViewModel.swift */ = {isa = PBXFileReference; lastKnownFileType = sourcecode.swift; path = ProfilViewModel.swift; sourceTree = "<group>"; };
		243EA5131FD4321700B8FBA3 /* GradientView.swift */ = {isa = PBXFileReference; fileEncoding = 4; lastKnownFileType = sourcecode.swift; name = GradientView.swift; path = EyesApp/Common/GradientView.swift; sourceTree = "<group>"; };
		243EA5151FD4376B00B8FBA3 /* DesignableTextField.swift */ = {isa = PBXFileReference; fileEncoding = 4; lastKnownFileType = sourcecode.swift; name = DesignableTextField.swift; path = EyesApp/Common/DesignableTextField.swift; sourceTree = "<group>"; };
		243EA5161FD4376B00B8FBA3 /* SizeZeroWhenHiddenView.swift */ = {isa = PBXFileReference; fileEncoding = 4; lastKnownFileType = sourcecode.swift; name = SizeZeroWhenHiddenView.swift; path = EyesApp/Common/SizeZeroWhenHiddenView.swift; sourceTree = "<group>"; };
		243EA5191FDD670300B8FBA3 /* RestUser.swift */ = {isa = PBXFileReference; fileEncoding = 4; lastKnownFileType = sourcecode.swift; name = RestUser.swift; path = Data/RestUser.swift; sourceTree = "<group>"; };
		243EA51B1FDD67AA00B8FBA3 /* RestAdresse.swift */ = {isa = PBXFileReference; fileEncoding = 4; lastKnownFileType = sourcecode.swift; name = RestAdresse.swift; path = Data/RestAdresse.swift; sourceTree = "<group>"; };
		243EA51D1FDD6B4A00B8FBA3 /* RestLieu.swift */ = {isa = PBXFileReference; fileEncoding = 4; lastKnownFileType = sourcecode.swift; name = RestLieu.swift; path = Data/RestLieu.swift; sourceTree = "<group>"; };
		243EA51F1FDD6CB400B8FBA3 /* RestEtat.swift */ = {isa = PBXFileReference; fileEncoding = 4; lastKnownFileType = sourcecode.swift; name = RestEtat.swift; path = Data/RestEtat.swift; sourceTree = "<group>"; };
		243EA5211FDD6D7A00B8FBA3 /* RestReponse.swift */ = {isa = PBXFileReference; fileEncoding = 4; lastKnownFileType = sourcecode.swift; name = RestReponse.swift; path = Data/RestReponse.swift; sourceTree = "<group>"; };
		243EA5231FDD6E8D00B8FBA3 /* RestDemande.swift */ = {isa = PBXFileReference; fileEncoding = 4; lastKnownFileType = sourcecode.swift; name = RestDemande.swift; path = Data/RestDemande.swift; sourceTree = "<group>"; };
		243EA5251FDD6EBE00B8FBA3 /* RestTypeDemande.swift */ = {isa = PBXFileReference; fileEncoding = 4; lastKnownFileType = sourcecode.swift; name = RestTypeDemande.swift; path = Data/RestTypeDemande.swift; sourceTree = "<group>"; };
		243EA5271FDD73CA00B8FBA3 /* RestHistorique.swift */ = {isa = PBXFileReference; fileEncoding = 4; lastKnownFileType = sourcecode.swift; name = RestHistorique.swift; path = Data/RestHistorique.swift; sourceTree = "<group>"; };
		243EA5291FDD74DF00B8FBA3 /* RestTypeAction.swift */ = {isa = PBXFileReference; fileEncoding = 4; lastKnownFileType = sourcecode.swift; name = RestTypeAction.swift; path = Data/RestTypeAction.swift; sourceTree = "<group>"; };
		244B18EC1FF04AB700E50F14 /* BuildConfig.swift */ = {isa = PBXFileReference; fileEncoding = 4; lastKnownFileType = sourcecode.swift; path = BuildConfig.swift; sourceTree = "<group>"; };
		244B18F11FF04E8800E50F14 /* UserRepository.swift */ = {isa = PBXFileReference; lastKnownFileType = sourcecode.swift; path = UserRepository.swift; sourceTree = "<group>"; };
		244C90711FF8F83B006D8475 /* Extension.swift */ = {isa = PBXFileReference; lastKnownFileType = sourcecode.swift; name = Extension.swift; path = EyesApp/Common/Extension.swift; sourceTree = "<group>"; };
		2457A1CF1FF4DB2800465FDF /* CreateAccountTableViewController.swift */ = {isa = PBXFileReference; lastKnownFileType = sourcecode.swift; path = CreateAccountTableViewController.swift; sourceTree = "<group>"; };
		2457A1D11FF4DB3C00465FDF /* CreateAccountViewModel.swift */ = {isa = PBXFileReference; lastKnownFileType = sourcecode.swift; path = CreateAccountViewModel.swift; sourceTree = "<group>"; };
		2459E52F201346F600762489 /* EyesUser.swift */ = {isa = PBXFileReference; lastKnownFileType = sourcecode.swift; path = EyesUser.swift; sourceTree = "<group>"; };
		248E85C61FF172C30047CADE /* Info_Stubs.plist */ = {isa = PBXFileReference; lastKnownFileType = text.plist.xml; path = Info_Stubs.plist; sourceTree = "<group>"; };
		248E85CA1FF192950047CADE /* GoogleService-Info.plist */ = {isa = PBXFileReference; fileEncoding = 4; lastKnownFileType = text.plist.xml; path = "GoogleService-Info.plist"; sourceTree = "<group>"; };
		248E85D01FF198660047CADE /* Login.storyboard */ = {isa = PBXFileReference; lastKnownFileType = file.storyboard; path = Login.storyboard; sourceTree = "<group>"; };
		248E85D21FF19D9C0047CADE /* LoginViewModel.swift */ = {isa = PBXFileReference; fileEncoding = 4; lastKnownFileType = sourcecode.swift; path = LoginViewModel.swift; sourceTree = "<group>"; };
		248E85D41FF19DA70047CADE /* LoginViewController.swift */ = {isa = PBXFileReference; fileEncoding = 4; lastKnownFileType = sourcecode.swift; path = LoginViewController.swift; sourceTree = "<group>"; };
		24A7D7BC1FEEBAB90077EC52 /* UserNetwork.swift */ = {isa = PBXFileReference; lastKnownFileType = sourcecode.swift; path = UserNetwork.swift; sourceTree = "<group>"; };
		24A7D7BE1FEEBB320077EC52 /* RestBaseParams.swift */ = {isa = PBXFileReference; lastKnownFileType = sourcecode.swift; name = RestBaseParams.swift; path = Data/RestBaseParams.swift; sourceTree = "<group>"; };
		24A7D7C01FEECB8C0077EC52 /* Network.swift */ = {isa = PBXFileReference; lastKnownFileType = sourcecode.swift; path = Network.swift; sourceTree = "<group>"; };
		24AE14C91FAF98F90048BF4E /* CameraViewController.swift */ = {isa = PBXFileReference; fileEncoding = 4; lastKnownFileType = sourcecode.swift; name = CameraViewController.swift; path = EyesApp/Camera/UI/CameraViewController.swift; sourceTree = "<group>"; };
		24AE14CC1FAF99410048BF4E /* LocationSearchTable.swift */ = {isa = PBXFileReference; fileEncoding = 4; lastKnownFileType = sourcecode.swift; name = LocationSearchTable.swift; path = EyesApp/Maps/UI/LocationSearchTable.swift; sourceTree = "<group>"; };
		24AE14CD1FAF99410048BF4E /* Maps.storyboard */ = {isa = PBXFileReference; fileEncoding = 4; lastKnownFileType = file.storyboard; name = Maps.storyboard; path = EyesApp/Maps/UI/Maps.storyboard; sourceTree = "<group>"; };
		24AE14CE1FAF99410048BF4E /* MapsViewController.swift */ = {isa = PBXFileReference; fileEncoding = 4; lastKnownFileType = sourcecode.swift; name = MapsViewController.swift; path = EyesApp/Maps/UI/MapsViewController.swift; sourceTree = "<group>"; };
		24AE14D21FAF99E50048BF4E /* ImageCollectionViewCell.swift */ = {isa = PBXFileReference; fileEncoding = 4; lastKnownFileType = sourcecode.swift; name = ImageCollectionViewCell.swift; path = EyesApp/Pois/UI/ImageCollectionViewCell.swift; sourceTree = "<group>"; };
		24AE14D31FAF99E50048BF4E /* ImagesCollectionViewController.swift */ = {isa = PBXFileReference; fileEncoding = 4; lastKnownFileType = sourcecode.swift; name = ImagesCollectionViewController.swift; path = EyesApp/Pois/UI/ImagesCollectionViewController.swift; sourceTree = "<group>"; };
		24AE14D61FAF9A030048BF4E /* EyesTableViewCell.swift */ = {isa = PBXFileReference; fileEncoding = 4; lastKnownFileType = sourcecode.swift; name = EyesTableViewCell.swift; path = EyesApp/Posts/UI/EyesTableViewCell.swift; sourceTree = "<group>"; };
		24AE74491F4B5C1D007D2719 /* EyesApp.app */ = {isa = PBXFileReference; explicitFileType = wrapper.application; includeInIndex = 0; path = EyesApp.app; sourceTree = BUILT_PRODUCTS_DIR; };
		24AE744C1F4B5C1D007D2719 /* AppDelegate.swift */ = {isa = PBXFileReference; lastKnownFileType = sourcecode.swift; path = AppDelegate.swift; sourceTree = "<group>"; };
		24AE74531F4B5C1D007D2719 /* Assets.xcassets */ = {isa = PBXFileReference; lastKnownFileType = folder.assetcatalog; path = Assets.xcassets; sourceTree = "<group>"; };
		24AE74561F4B5C1D007D2719 /* Base */ = {isa = PBXFileReference; lastKnownFileType = file.storyboard; name = Base; path = Base.lproj/LaunchScreen.storyboard; sourceTree = "<group>"; };
		24AE74581F4B5C1D007D2719 /* Info.plist */ = {isa = PBXFileReference; lastKnownFileType = text.plist.xml; path = Info.plist; sourceTree = "<group>"; };
		24E1DFD41F6193D40003AE9A /* DBManager.swift */ = {isa = PBXFileReference; fileEncoding = 4; lastKnownFileType = sourcecode.swift; path = DBManager.swift; sourceTree = "<group>"; };
		24F888741FAFA6EA008E851A /* CollectionPoi.storyboard */ = {isa = PBXFileReference; fileEncoding = 4; lastKnownFileType = file.storyboard; name = CollectionPoi.storyboard; path = EyesApp/Pois/UI/CollectionPoi.storyboard; sourceTree = "<group>"; };
		24F888751FAFA6EA008E851A /* SuggestionTableView.swift */ = {isa = PBXFileReference; fileEncoding = 4; lastKnownFileType = sourcecode.swift; name = SuggestionTableView.swift; path = EyesApp/Pois/UI/SuggestionTableView.swift; sourceTree = "<group>"; };
		24F888761FAFA6EA008E851A /* SuggestTableViewCell.swift */ = {isa = PBXFileReference; fileEncoding = 4; lastKnownFileType = sourcecode.swift; name = SuggestTableViewCell.swift; path = EyesApp/Pois/UI/SuggestTableViewCell.swift; sourceTree = "<group>"; };
		24F8887A1FAFA70D008E851A /* PoiEyes.swift */ = {isa = PBXFileReference; fileEncoding = 4; lastKnownFileType = sourcecode.swift; name = PoiEyes.swift; path = EyesApp/Pois/Model/PoiEyes.swift; sourceTree = "<group>"; };
		24F8887C1FAFA722008E851A /* PostEyes.swift */ = {isa = PBXFileReference; fileEncoding = 4; lastKnownFileType = sourcecode.swift; name = PostEyes.swift; path = EyesApp/Posts/Model/PostEyes.swift; sourceTree = "<group>"; };
		24F8887E1FAFA73C008E851A /* Main.storyboard */ = {isa = PBXFileReference; fileEncoding = 4; lastKnownFileType = file.storyboard; name = Main.storyboard; path = EyesApp/Posts/UI/Main.storyboard; sourceTree = "<group>"; };
		24F8887F1FAFA73C008E851A /* ViewController.swift */ = {isa = PBXFileReference; fileEncoding = 4; lastKnownFileType = sourcecode.swift; name = ViewController.swift; path = EyesApp/Posts/UI/ViewController.swift; sourceTree = "<group>"; };
		24F888851FAFA8C9008E851A /* PoiViewModel.swift */ = {isa = PBXFileReference; fileEncoding = 4; lastKnownFileType = sourcecode.swift; name = PoiViewModel.swift; path = EyesApp/Pois/ViewModel/PoiViewModel.swift; sourceTree = "<group>"; };
		2F4201F6F82815A18881A936 /* Pods-EyesApp.stubs.xcconfig */ = {isa = PBXFileReference; includeInIndex = 1; lastKnownFileType = text.xcconfig; name = "Pods-EyesApp.stubs.xcconfig"; path = "Pods/Target Support Files/Pods-EyesApp/Pods-EyesApp.stubs.xcconfig"; sourceTree = "<group>"; };
		4845E3CDCDCB360E173B7025 /* Pods-EyesApp.debug.xcconfig */ = {isa = PBXFileReference; includeInIndex = 1; lastKnownFileType = text.xcconfig; name = "Pods-EyesApp.debug.xcconfig"; path = "Pods/Target Support Files/Pods-EyesApp/Pods-EyesApp.debug.xcconfig"; sourceTree = "<group>"; };
		50A9930B2C7C2BD58C696513 /* Pods-EyesApp.release.xcconfig */ = {isa = PBXFileReference; includeInIndex = 1; lastKnownFileType = text.xcconfig; name = "Pods-EyesApp.release.xcconfig"; path = "Pods/Target Support Files/Pods-EyesApp/Pods-EyesApp.release.xcconfig"; sourceTree = "<group>"; };
		EDE91020D9D0FA0055B269ED /* Pods_EyesApp.framework */ = {isa = PBXFileReference; explicitFileType = wrapper.framework; includeInIndex = 0; path = Pods_EyesApp.framework; sourceTree = BUILT_PRODUCTS_DIR; };
/* End PBXFileReference section */

/* Begin PBXFrameworksBuildPhase section */
		24AE74461F4B5C1D007D2719 /* Frameworks */ = {
			isa = PBXFrameworksBuildPhase;
			buildActionMask = 2147483647;
			files = (
				7B58AA7DCDFD247EC96F996D /* Pods_EyesApp.framework in Frameworks */,
			);
			runOnlyForDeploymentPostprocessing = 0;
		};
/* End PBXFrameworksBuildPhase section */

/* Begin PBXGroup section */
		241AFC731F77E218002EF78C /* Common */ = {
			isa = PBXGroup;
			children = (
				242C19461FF6D348006DEA38 /* UIAlertController.swift */,
				243EA5151FD4376B00B8FBA3 /* DesignableTextField.swift */,
				243EA5161FD4376B00B8FBA3 /* SizeZeroWhenHiddenView.swift */,
				243EA5131FD4321700B8FBA3 /* GradientView.swift */,
				242C19421FF6A407006DEA38 /* Localizable.strings */,
				242C19441FF6B0AC006DEA38 /* String.swift */,
				242C19481FF70BED006DEA38 /* Navigator.swift */,
				244C90711FF8F83B006D8475 /* Extension.swift */,
			);
			name = Common;
			path = ..;
			sourceTree = "<group>";
		};
		241AFC741F77E233002EF78C /* Pois */ = {
			isa = PBXGroup;
			children = (
				249966C11F952BCD00B8C96C /* ViewModel */,
				243E40FE1F8EB4BA0012BCB0 /* Model */,
				243E41001F8EB4CE0012BCB0 /* UI */,
			);
			name = Pois;
			path = ..;
			sourceTree = "<group>";
		};
		242C194A1FF7C44C006DEA38 /* Profil */ = {
			isa = PBXGroup;
			children = (
				242C194D1FF7C467006DEA38 /* Model */,
				242C194C1FF7C464006DEA38 /* ViewModel */,
				242C194B1FF7C461006DEA38 /* UI */,
			);
			path = Profil;
			sourceTree = "<group>";
		};
		242C194B1FF7C461006DEA38 /* UI */ = {
			isa = PBXGroup;
			children = (
				242C194E1FF7C48C006DEA38 /* Profil.storyboard */,
				242C19501FF7C4AA006DEA38 /* ProfilTableViewController.swift */,
			);
			path = UI;
			sourceTree = "<group>";
		};
		242C194C1FF7C464006DEA38 /* ViewModel */ = {
			isa = PBXGroup;
			children = (
				242C19521FF807DB006DEA38 /* ProfilViewModel.swift */,
			);
			path = ViewModel;
			sourceTree = "<group>";
		};
		242C194D1FF7C467006DEA38 /* Model */ = {
			isa = PBXGroup;
			children = (
			);
			path = Model;
			sourceTree = "<group>";
		};
		243E40F01F8EB1700012BCB0 /* UI */ = {
			isa = PBXGroup;
			children = (
				24AE14CC1FAF99410048BF4E /* LocationSearchTable.swift */,
				24AE14CD1FAF99410048BF4E /* Maps.storyboard */,
				24AE14CE1FAF99410048BF4E /* MapsViewController.swift */,
			);
			name = UI;
			sourceTree = "<group>";
		};
		243E40F11F8EB1880012BCB0 /* Maps */ = {
			isa = PBXGroup;
			children = (
				243E41031F8EB5BB0012BCB0 /* Model */,
				243E40F01F8EB1700012BCB0 /* UI */,
			);
			name = Maps;
			path = ..;
			sourceTree = "<group>";
		};
		243E40F41F8EB27A0012BCB0 /* Posts */ = {
			isa = PBXGroup;
			children = (
				244B18F51FF05F8F00E50F14 /* ViewModel */,
				243E40F61F8EB2990012BCB0 /* Model */,
				243E40F51F8EB2880012BCB0 /* UI */,
			);
			name = Posts;
			path = ..;
			sourceTree = "<group>";
		};
		243E40F51F8EB2880012BCB0 /* UI */ = {
			isa = PBXGroup;
			children = (
				24F8887E1FAFA73C008E851A /* Main.storyboard */,
				24F8887F1FAFA73C008E851A /* ViewController.swift */,
				24AE14D61FAF9A030048BF4E /* EyesTableViewCell.swift */,
			);
			name = UI;
			sourceTree = "<group>";
		};
		243E40F61F8EB2990012BCB0 /* Model */ = {
			isa = PBXGroup;
			children = (
				24F8887C1FAFA722008E851A /* PostEyes.swift */,
			);
			name = Model;
			sourceTree = "<group>";
		};
		243E40F91F8EB4510012BCB0 /* Camera */ = {
			isa = PBXGroup;
			children = (
				243E40FB1F8EB4600012BCB0 /* Model */,
				243E40FA1F8EB45A0012BCB0 /* UI */,
			);
			name = Camera;
			path = ..;
			sourceTree = "<group>";
		};
		243E40FA1F8EB45A0012BCB0 /* UI */ = {
			isa = PBXGroup;
			children = (
				24AE14C91FAF98F90048BF4E /* CameraViewController.swift */,
			);
			name = UI;
			sourceTree = "<group>";
		};
		243E40FB1F8EB4600012BCB0 /* Model */ = {
			isa = PBXGroup;
			children = (
			);
			name = Model;
			sourceTree = "<group>";
		};
		243E40FE1F8EB4BA0012BCB0 /* Model */ = {
			isa = PBXGroup;
			children = (
				24F8887A1FAFA70D008E851A /* PoiEyes.swift */,
			);
			name = Model;
			sourceTree = "<group>";
		};
		243E41001F8EB4CE0012BCB0 /* UI */ = {
			isa = PBXGroup;
			children = (
				24F888741FAFA6EA008E851A /* CollectionPoi.storyboard */,
				24F888751FAFA6EA008E851A /* SuggestionTableView.swift */,
				24F888761FAFA6EA008E851A /* SuggestTableViewCell.swift */,
				24AE14D21FAF99E50048BF4E /* ImageCollectionViewCell.swift */,
				24AE14D31FAF99E50048BF4E /* ImagesCollectionViewController.swift */,
			);
			name = UI;
			sourceTree = "<group>";
		};
		243E41031F8EB5BB0012BCB0 /* Model */ = {
			isa = PBXGroup;
			children = (
			);
			name = Model;
			sourceTree = "<group>";
		};
		244B18EA1FF04A7B00E50F14 /* Configuration */ = {
			isa = PBXGroup;
			children = (
				244B18EC1FF04AB700E50F14 /* BuildConfig.swift */,
				248E85C61FF172C30047CADE /* Info_Stubs.plist */,
			);
			path = Configuration;
			sourceTree = "<group>";
		};
		244B18F51FF05F8F00E50F14 /* ViewModel */ = {
			isa = PBXGroup;
			children = (
			);
			name = ViewModel;
			sourceTree = "<group>";
		};
		2457A1CA1FF4DA5200465FDF /* FireBaseUtils */ = {
			isa = PBXGroup;
			children = (
				242C193F1FF67CD5006DEA38 /* FirebaseReference.swift */,
				242C193E1FF67CD5006DEA38 /* FIRImage.swift */,
			);
			path = FireBaseUtils;
			sourceTree = "<group>";
		};
		2459E52E201346CC00762489 /* Entity */ = {
			isa = PBXGroup;
			children = (
				2459E52F201346F600762489 /* EyesUser.swift */,
			);
			path = Entity;
			sourceTree = "<group>";
		};
		248E85CC1FF197F70047CADE /* ViewModel */ = {
			isa = PBXGroup;
			children = (
				2457A1D11FF4DB3C00465FDF /* CreateAccountViewModel.swift */,
				248E85D21FF19D9C0047CADE /* LoginViewModel.swift */,
			);
			path = ViewModel;
			sourceTree = "<group>";
		};
		248E85CD1FF198130047CADE /* Login */ = {
			isa = PBXGroup;
			children = (
				248E85CF1FF198370047CADE /* Model */,
				248E85CE1FF198300047CADE /* UI */,
				248E85CC1FF197F70047CADE /* ViewModel */,
			);
			path = Login;
			sourceTree = "<group>";
		};
		248E85CE1FF198300047CADE /* UI */ = {
			isa = PBXGroup;
			children = (
				248E85D41FF19DA70047CADE /* LoginViewController.swift */,
				248E85D01FF198660047CADE /* Login.storyboard */,
				2457A1CF1FF4DB2800465FDF /* CreateAccountTableViewController.swift */,
			);
			path = UI;
			sourceTree = "<group>";
		};
		248E85CF1FF198370047CADE /* Model */ = {
			isa = PBXGroup;
			children = (
			);
			path = Model;
			sourceTree = "<group>";
		};
		249966C11F952BCD00B8C96C /* ViewModel */ = {
			isa = PBXGroup;
			children = (
				24F888851FAFA8C9008E851A /* PoiViewModel.swift */,
			);
			name = ViewModel;
			sourceTree = "<group>";
		};
		24A7D7BA1FEEB8D80077EC52 /* Network */ = {
			isa = PBXGroup;
			children = (
				24A7D7BC1FEEBAB90077EC52 /* UserNetwork.swift */,
				24A7D7C01FEECB8C0077EC52 /* Network.swift */,
			);
			path = Network;
			sourceTree = "<group>";
		};
		24A7D7BB1FEEBA5E0077EC52 /* Repository */ = {
			isa = PBXGroup;
			children = (
				244B18F11FF04E8800E50F14 /* UserRepository.swift */,
			);
			path = Repository;
			sourceTree = "<group>";
		};
		24AE74401F4B5C1D007D2719 = {
			isa = PBXGroup;
			children = (
				24AE744B1F4B5C1D007D2719 /* EyesApp */,
				24AE744A1F4B5C1D007D2719 /* Products */,
				305EE707A1923754EF722687 /* Pods */,
				5830C4F5AB40C3703ACAFA9E /* Frameworks */,
			);
			sourceTree = "<group>";
		};
		24AE744A1F4B5C1D007D2719 /* Products */ = {
			isa = PBXGroup;
			children = (
				24AE74491F4B5C1D007D2719 /* EyesApp.app */,
			);
			name = Products;
			sourceTree = "<group>";
		};
		24AE744B1F4B5C1D007D2719 /* EyesApp */ = {
			isa = PBXGroup;
			children = (
				244B18EA1FF04A7B00E50F14 /* Configuration */,
				2459E52E201346CC00762489 /* Entity */,
				24A7D7BB1FEEBA5E0077EC52 /* Repository */,
				24A7D7BA1FEEB8D80077EC52 /* Network */,
				24F888731FAFA677008E851A /* Data */,
				2457A1CA1FF4DA5200465FDF /* FireBaseUtils */,
				248E85CD1FF198130047CADE /* Login */,
				242C194A1FF7C44C006DEA38 /* Profil */,
				243E40F91F8EB4510012BCB0 /* Camera */,
				243E40F41F8EB27A0012BCB0 /* Posts */,
				243E40F11F8EB1880012BCB0 /* Maps */,
				241AFC741F77E233002EF78C /* Pois */,
				241AFC731F77E218002EF78C /* Common */,
				24AE744C1F4B5C1D007D2719 /* AppDelegate.swift */,
				24AE74531F4B5C1D007D2719 /* Assets.xcassets */,
				24AE74551F4B5C1D007D2719 /* LaunchScreen.storyboard */,
				24E1DFD41F6193D40003AE9A /* DBManager.swift */,
				24AE74581F4B5C1D007D2719 /* Info.plist */,
				248E85CA1FF192950047CADE /* GoogleService-Info.plist */,
			);
			path = EyesApp;
			sourceTree = "<group>";
		};
		24F888731FAFA677008E851A /* Data */ = {
			isa = PBXGroup;
			children = (
				243EA5191FDD670300B8FBA3 /* RestUser.swift */,
				243EA51B1FDD67AA00B8FBA3 /* RestAdresse.swift */,
				243EA51D1FDD6B4A00B8FBA3 /* RestLieu.swift */,
				243EA51F1FDD6CB400B8FBA3 /* RestEtat.swift */,
				243EA5211FDD6D7A00B8FBA3 /* RestReponse.swift */,
				243EA5231FDD6E8D00B8FBA3 /* RestDemande.swift */,
				243EA5251FDD6EBE00B8FBA3 /* RestTypeDemande.swift */,
				243EA5271FDD73CA00B8FBA3 /* RestHistorique.swift */,
				243EA5291FDD74DF00B8FBA3 /* RestTypeAction.swift */,
				24A7D7BE1FEEBB320077EC52 /* RestBaseParams.swift */,
			);
			name = Data;
			sourceTree = "<group>";
		};
		305EE707A1923754EF722687 /* Pods */ = {
			isa = PBXGroup;
			children = (
				4845E3CDCDCB360E173B7025 /* Pods-EyesApp.debug.xcconfig */,
				50A9930B2C7C2BD58C696513 /* Pods-EyesApp.release.xcconfig */,
				2F4201F6F82815A18881A936 /* Pods-EyesApp.stubs.xcconfig */,
			);
			name = Pods;
			sourceTree = "<group>";
		};
		5830C4F5AB40C3703ACAFA9E /* Frameworks */ = {
			isa = PBXGroup;
			children = (
				EDE91020D9D0FA0055B269ED /* Pods_EyesApp.framework */,
			);
			name = Frameworks;
			sourceTree = "<group>";
		};
/* End PBXGroup section */

/* Begin PBXNativeTarget section */
		24AE74481F4B5C1D007D2719 /* EyesApp */ = {
			isa = PBXNativeTarget;
			buildConfigurationList = 24AE745B1F4B5C1D007D2719 /* Build configuration list for PBXNativeTarget "EyesApp" */;
			buildPhases = (
				7DBF080B30213507A89C4287 /* [CP] Check Pods Manifest.lock */,
				24AE74451F4B5C1D007D2719 /* Sources */,
				24AE74461F4B5C1D007D2719 /* Frameworks */,
				24AE74471F4B5C1D007D2719 /* Resources */,
				E7CD4531C941CA0C11C6093E /* [CP] Embed Pods Frameworks */,
				8BFC6DA4844B73AFA0334C20 /* [CP] Copy Pods Resources */,
				241CF3E21FF14195001F2036 /* ShellScript */,
			);
			buildRules = (
			);
			dependencies = (
			);
			name = EyesApp;
			productName = EyesApp;
			productReference = 24AE74491F4B5C1D007D2719 /* EyesApp.app */;
			productType = "com.apple.product-type.application";
		};
/* End PBXNativeTarget section */

/* Begin PBXProject section */
		24AE74411F4B5C1D007D2719 /* Project object */ = {
			isa = PBXProject;
			attributes = {
				LastSwiftUpdateCheck = 0830;
				LastUpgradeCheck = 0830;
				ORGANIZATIONNAME = simo;
				TargetAttributes = {
					24AE74481F4B5C1D007D2719 = {
						CreatedOnToolsVersion = 8.3.2;
						DevelopmentTeam = HHKSC9S7CP;
						ProvisioningStyle = Automatic;
					};
				};
			};
			buildConfigurationList = 24AE74441F4B5C1D007D2719 /* Build configuration list for PBXProject "EyesApp" */;
			compatibilityVersion = "Xcode 3.2";
			developmentRegion = English;
			hasScannedForEncodings = 0;
			knownRegions = (
				en,
				Base,
			);
			mainGroup = 24AE74401F4B5C1D007D2719;
			productRefGroup = 24AE744A1F4B5C1D007D2719 /* Products */;
			projectDirPath = "";
			projectRoot = "";
			targets = (
				24AE74481F4B5C1D007D2719 /* EyesApp */,
			);
		};
/* End PBXProject section */

/* Begin PBXResourcesBuildPhase section */
		24AE74471F4B5C1D007D2719 /* Resources */ = {
			isa = PBXResourcesBuildPhase;
			buildActionMask = 2147483647;
			files = (
				248E85D11FF198660047CADE /* Login.storyboard in Resources */,
				24F888801FAFA73C008E851A /* Main.storyboard in Resources */,
				242C194F1FF7C48C006DEA38 /* Profil.storyboard in Resources */,
				24F888771FAFA6EA008E851A /* CollectionPoi.storyboard in Resources */,
				248E85C71FF172C30047CADE /* Info_Stubs.plist in Resources */,
				242C19431FF6A407006DEA38 /* Localizable.strings in Resources */,
				24AE74571F4B5C1D007D2719 /* LaunchScreen.storyboard in Resources */,
				24AE14D01FAF99410048BF4E /* Maps.storyboard in Resources */,
				24AE74541F4B5C1D007D2719 /* Assets.xcassets in Resources */,
				248E85CB1FF192950047CADE /* GoogleService-Info.plist in Resources */,
			);
			runOnlyForDeploymentPostprocessing = 0;
		};
/* End PBXResourcesBuildPhase section */

/* Begin PBXShellScriptBuildPhase section */
		241CF3E21FF14195001F2036 /* ShellScript */ = {
			isa = PBXShellScriptBuildPhase;
			buildActionMask = 2147483647;
			files = (
			);
			inputPaths = (
			);
			outputPaths = (
			);
			runOnlyForDeploymentPostprocessing = 0;
			shellPath = /bin/sh;
			shellScript = "PLIST_FILENAME=$(basename \"$PRODUCT_SETTINGS_PATH\")\nPLIST_EXTENSION=\"${PLIST_FILENAME##*.}\"\nPLIST_FILENAME=\"${PLIST_FILENAME%.*}\"\n/usr/libexec/PlistBuddy -c \"Merge ${SRCROOT}/EyesApp/Configuration/Info_${CONFIGURATION}.${PLIST_EXTENSION}\" \"${BUILT_PRODUCTS_DIR}/${INFOPLIST_PATH}\"\n    >/dev/null 2>&1";
			showEnvVarsInLog = 0;
		};
		7DBF080B30213507A89C4287 /* [CP] Check Pods Manifest.lock */ = {
			isa = PBXShellScriptBuildPhase;
			buildActionMask = 2147483647;
			files = (
			);
			inputPaths = (
				"${PODS_PODFILE_DIR_PATH}/Podfile.lock",
				"${PODS_ROOT}/Manifest.lock",
			);
			name = "[CP] Check Pods Manifest.lock";
			outputPaths = (
				"$(DERIVED_FILE_DIR)/Pods-EyesApp-checkManifestLockResult.txt",
			);
			runOnlyForDeploymentPostprocessing = 0;
			shellPath = /bin/sh;
			shellScript = "diff \"${PODS_PODFILE_DIR_PATH}/Podfile.lock\" \"${PODS_ROOT}/Manifest.lock\" > /dev/null\nif [ $? != 0 ] ; then\n    # print error to STDERR\n    echo \"error: The sandbox is not in sync with the Podfile.lock. Run 'pod install' or update your CocoaPods installation.\" >&2\n    exit 1\nfi\n# This output is used by Xcode 'outputs' to avoid re-running this script phase.\necho \"SUCCESS\" > \"${SCRIPT_OUTPUT_FILE_0}\"\n";
			showEnvVarsInLog = 0;
		};
		8BFC6DA4844B73AFA0334C20 /* [CP] Copy Pods Resources */ = {
			isa = PBXShellScriptBuildPhase;
			buildActionMask = 2147483647;
			files = (
			);
			inputPaths = (
			);
			name = "[CP] Copy Pods Resources";
			outputPaths = (
			);
			runOnlyForDeploymentPostprocessing = 0;
			shellPath = /bin/sh;
			shellScript = "\"${SRCROOT}/Pods/Target Support Files/Pods-EyesApp/Pods-EyesApp-resources.sh\"\n";
			showEnvVarsInLog = 0;
		};
		E7CD4531C941CA0C11C6093E /* [CP] Embed Pods Frameworks */ = {
			isa = PBXShellScriptBuildPhase;
			buildActionMask = 2147483647;
			files = (
			);
			inputPaths = (
				"${SRCROOT}/Pods/Target Support Files/Pods-EyesApp/Pods-EyesApp-frameworks.sh",
				"${BUILT_PRODUCTS_DIR}/Alamofire/Alamofire.framework",
				"${BUILT_PRODUCTS_DIR}/AlamofireObjectMapper/AlamofireObjectMapper.framework",
				"${BUILT_PRODUCTS_DIR}/Differentiator/Differentiator.framework",
				"${BUILT_PRODUCTS_DIR}/GTMSessionFetcher/GTMSessionFetcher.framework",
				"${BUILT_PRODUCTS_DIR}/GoogleToolboxForMac/GoogleToolboxForMac.framework",
				"${BUILT_PRODUCTS_DIR}/ObjectMapper/ObjectMapper.framework",
				"${BUILT_PRODUCTS_DIR}/Realm/Realm.framework",
				"${BUILT_PRODUCTS_DIR}/RealmSwift/RealmSwift.framework",
				"${BUILT_PRODUCTS_DIR}/RxAlamofire/RxAlamofire.framework",
				"${BUILT_PRODUCTS_DIR}/RxCocoa/RxCocoa.framework",
				"${BUILT_PRODUCTS_DIR}/RxDataSources/RxDataSources.framework",
				"${BUILT_PRODUCTS_DIR}/RxRealm/RxRealm.framework",
				"${BUILT_PRODUCTS_DIR}/RxSwift/RxSwift.framework",
				"${BUILT_PRODUCTS_DIR}/leveldb-library/leveldb.framework",
				"${BUILT_PRODUCTS_DIR}/nanopb/nanopb.framework",
			);
			name = "[CP] Embed Pods Frameworks";
			outputPaths = (
				"${TARGET_BUILD_DIR}/${FRAMEWORKS_FOLDER_PATH}/Alamofire.framework",
				"${TARGET_BUILD_DIR}/${FRAMEWORKS_FOLDER_PATH}/AlamofireObjectMapper.framework",
				"${TARGET_BUILD_DIR}/${FRAMEWORKS_FOLDER_PATH}/Differentiator.framework",
				"${TARGET_BUILD_DIR}/${FRAMEWORKS_FOLDER_PATH}/GTMSessionFetcher.framework",
				"${TARGET_BUILD_DIR}/${FRAMEWORKS_FOLDER_PATH}/GoogleToolboxForMac.framework",
				"${TARGET_BUILD_DIR}/${FRAMEWORKS_FOLDER_PATH}/ObjectMapper.framework",
				"${TARGET_BUILD_DIR}/${FRAMEWORKS_FOLDER_PATH}/Realm.framework",
				"${TARGET_BUILD_DIR}/${FRAMEWORKS_FOLDER_PATH}/RealmSwift.framework",
				"${TARGET_BUILD_DIR}/${FRAMEWORKS_FOLDER_PATH}/RxAlamofire.framework",
				"${TARGET_BUILD_DIR}/${FRAMEWORKS_FOLDER_PATH}/RxCocoa.framework",
				"${TARGET_BUILD_DIR}/${FRAMEWORKS_FOLDER_PATH}/RxDataSources.framework",
				"${TARGET_BUILD_DIR}/${FRAMEWORKS_FOLDER_PATH}/RxRealm.framework",
				"${TARGET_BUILD_DIR}/${FRAMEWORKS_FOLDER_PATH}/RxSwift.framework",
				"${TARGET_BUILD_DIR}/${FRAMEWORKS_FOLDER_PATH}/leveldb.framework",
				"${TARGET_BUILD_DIR}/${FRAMEWORKS_FOLDER_PATH}/nanopb.framework",
			);
			runOnlyForDeploymentPostprocessing = 0;
			shellPath = /bin/sh;
			shellScript = "\"${SRCROOT}/Pods/Target Support Files/Pods-EyesApp/Pods-EyesApp-frameworks.sh\"\n";
			showEnvVarsInLog = 0;
		};
/* End PBXShellScriptBuildPhase section */

/* Begin PBXSourcesBuildPhase section */
		24AE74451F4B5C1D007D2719 /* Sources */ = {
			isa = PBXSourcesBuildPhase;
			buildActionMask = 2147483647;
			files = (
				242C19451FF6B0AC006DEA38 /* String.swift in Sources */,
				24F888811FAFA73C008E851A /* ViewController.swift in Sources */,
				243EA5261FDD6EBE00B8FBA3 /* RestTypeDemande.swift in Sources */,
				243EA5281FDD73CA00B8FBA3 /* RestHistorique.swift in Sources */,
				24AE14D11FAF99410048BF4E /* MapsViewController.swift in Sources */,
				24AE14D71FAF9A030048BF4E /* EyesTableViewCell.swift in Sources */,
				243EA51E1FDD6B4A00B8FBA3 /* RestLieu.swift in Sources */,
				24F888861FAFA8C9008E851A /* PoiViewModel.swift in Sources */,
				243EA5201FDD6CB400B8FBA3 /* RestEtat.swift in Sources */,
				24AE14CF1FAF99410048BF4E /* LocationSearchTable.swift in Sources */,
				243EA5221FDD6D7A00B8FBA3 /* RestReponse.swift in Sources */,
				243EA5171FD4376B00B8FBA3 /* DesignableTextField.swift in Sources */,
				24AE744D1F4B5C1D007D2719 /* AppDelegate.swift in Sources */,
				243EA5181FD4376B00B8FBA3 /* SizeZeroWhenHiddenView.swift in Sources */,
				242C19401FF67CD5006DEA38 /* FIRImage.swift in Sources */,
				243EA5141FD4321700B8FBA3 /* GradientView.swift in Sources */,
				242C19531FF807DB006DEA38 /* ProfilViewModel.swift in Sources */,
				24F8887B1FAFA70D008E851A /* PoiEyes.swift in Sources */,
				243EA52A1FDD74DF00B8FBA3 /* RestTypeAction.swift in Sources */,
				24AE14CB1FAF98F90048BF4E /* CameraViewController.swift in Sources */,
				2457A1D21FF4DB3C00465FDF /* CreateAccountViewModel.swift in Sources */,
				244B18EE1FF04AB700E50F14 /* BuildConfig.swift in Sources */,
				242C19491FF70BED006DEA38 /* Navigator.swift in Sources */,
				243EA51A1FDD670300B8FBA3 /* RestUser.swift in Sources */,
				24AE14D41FAF99E50048BF4E /* ImageCollectionViewCell.swift in Sources */,
				242C19411FF67CD5006DEA38 /* FirebaseReference.swift in Sources */,
				248E85D31FF19D9C0047CADE /* LoginViewModel.swift in Sources */,
				242C19471FF6D348006DEA38 /* UIAlertController.swift in Sources */,
				248E85D51FF19DA70047CADE /* LoginViewController.swift in Sources */,
				243EA5241FDD6E8D00B8FBA3 /* RestDemande.swift in Sources */,
				24A7D7C11FEECB8C0077EC52 /* Network.swift in Sources */,
				24A7D7BF1FEEBB320077EC52 /* RestBaseParams.swift in Sources */,
				2459E530201346F600762489 /* EyesUser.swift in Sources */,
				244B18F21FF04E8800E50F14 /* UserRepository.swift in Sources */,
				244C90721FF8F83B006D8475 /* Extension.swift in Sources */,
				24A7D7BD1FEEBAB90077EC52 /* UserNetwork.swift in Sources */,
				242C19511FF7C4AA006DEA38 /* ProfilTableViewController.swift in Sources */,
				243EA51C1FDD67AA00B8FBA3 /* RestAdresse.swift in Sources */,
				24F8887D1FAFA722008E851A /* PostEyes.swift in Sources */,
				24AE14D51FAF99E50048BF4E /* ImagesCollectionViewController.swift in Sources */,
				24E1DFD51F6193D40003AE9A /* DBManager.swift in Sources */,
				2457A1D01FF4DB2800465FDF /* CreateAccountTableViewController.swift in Sources */,
				24F888781FAFA6EA008E851A /* SuggestionTableView.swift in Sources */,
				24F888791FAFA6EA008E851A /* SuggestTableViewCell.swift in Sources */,
			);
			runOnlyForDeploymentPostprocessing = 0;
		};
/* End PBXSourcesBuildPhase section */

/* Begin PBXVariantGroup section */
		24AE74551F4B5C1D007D2719 /* LaunchScreen.storyboard */ = {
			isa = PBXVariantGroup;
			children = (
				24AE74561F4B5C1D007D2719 /* Base */,
			);
			name = LaunchScreen.storyboard;
			sourceTree = "<group>";
		};
/* End PBXVariantGroup section */

/* Begin XCBuildConfiguration section */
		241CF3E31FF14B72001F2036 /* Stubs */ = {
			isa = XCBuildConfiguration;
			buildSettings = {
				ALWAYS_SEARCH_USER_PATHS = NO;
				CLANG_ANALYZER_NONNULL = YES;
				CLANG_ANALYZER_NUMBER_OBJECT_CONVERSION = YES_AGGRESSIVE;
				CLANG_CXX_LANGUAGE_STANDARD = "gnu++0x";
				CLANG_CXX_LIBRARY = "libc++";
				CLANG_ENABLE_MODULES = YES;
				CLANG_ENABLE_OBJC_ARC = YES;
				CLANG_WARN_BOOL_CONVERSION = YES;
				CLANG_WARN_CONSTANT_CONVERSION = YES;
				CLANG_WARN_DIRECT_OBJC_ISA_USAGE = YES_ERROR;
				CLANG_WARN_DOCUMENTATION_COMMENTS = YES;
				CLANG_WARN_EMPTY_BODY = YES;
				CLANG_WARN_ENUM_CONVERSION = YES;
				CLANG_WARN_INFINITE_RECURSION = YES;
				CLANG_WARN_INT_CONVERSION = YES;
				CLANG_WARN_OBJC_ROOT_CLASS = YES_ERROR;
				CLANG_WARN_SUSPICIOUS_MOVE = YES;
				CLANG_WARN_UNREACHABLE_CODE = YES;
				CLANG_WARN__DUPLICATE_METHOD_MATCH = YES;
				"CODE_SIGN_IDENTITY[sdk=iphoneos*]" = "iPhone Developer";
				COPY_PHASE_STRIP = NO;
				DEBUG_INFORMATION_FORMAT = dwarf;
				ENABLE_STRICT_OBJC_MSGSEND = YES;
				ENABLE_TESTABILITY = YES;
				GCC_C_LANGUAGE_STANDARD = gnu99;
				GCC_DYNAMIC_NO_PIC = NO;
				GCC_NO_COMMON_BLOCKS = YES;
				GCC_OPTIMIZATION_LEVEL = 0;
				GCC_PREPROCESSOR_DEFINITIONS = (
					"DEBUG=1",
					"$(inherited)",
				);
				GCC_WARN_64_TO_32_BIT_CONVERSION = YES;
				GCC_WARN_ABOUT_RETURN_TYPE = YES_ERROR;
				GCC_WARN_UNDECLARED_SELECTOR = YES;
				GCC_WARN_UNINITIALIZED_AUTOS = YES_AGGRESSIVE;
				GCC_WARN_UNUSED_FUNCTION = YES;
				GCC_WARN_UNUSED_VARIABLE = YES;
				IPHONEOS_DEPLOYMENT_TARGET = 9.3;
				MTL_ENABLE_DEBUG_INFO = YES;
				ONLY_ACTIVE_ARCH = YES;
				SDKROOT = iphoneos;
				SWIFT_ACTIVE_COMPILATION_CONDITIONS = DEBUG;
				SWIFT_OPTIMIZATION_LEVEL = "-Onone";
				SWIFT_VERSION = 4.0;
				TARGETED_DEVICE_FAMILY = "1,2";
			};
			name = Stubs;
		};
		241CF3E41FF14B72001F2036 /* Stubs */ = {
			isa = XCBuildConfiguration;
			baseConfigurationReference = 2F4201F6F82815A18881A936 /* Pods-EyesApp.stubs.xcconfig */;
			buildSettings = {
				ASSETCATALOG_COMPILER_APPICON_NAME = AppIcon;
				CODE_SIGN_IDENTITY = "iPhone Developer";
				"CODE_SIGN_IDENTITY[sdk=iphoneos*]" = "iPhone Developer";
				CODE_SIGN_STYLE = Automatic;
				DEVELOPMENT_TEAM = HHKSC9S7CP;
				INFOPLIST_FILE = EyesApp/Info.plist;
				IPHONEOS_DEPLOYMENT_TARGET = 9.0;
				LD_RUNPATH_SEARCH_PATHS = "$(inherited) @executable_path/Frameworks";
				PRODUCT_BUNDLE_IDENTIFIER = com.EyesApp.dev;
				PRODUCT_NAME = "$(TARGET_NAME)";
				PROVISIONING_PROFILE_SPECIFIER = "";
				SWIFT_VERSION = 3.0;
			};
			name = Stubs;
		};
		24AE74591F4B5C1D007D2719 /* Debug */ = {
			isa = XCBuildConfiguration;
			buildSettings = {
				ALWAYS_SEARCH_USER_PATHS = NO;
				CLANG_ANALYZER_NONNULL = YES;
				CLANG_ANALYZER_NUMBER_OBJECT_CONVERSION = YES_AGGRESSIVE;
				CLANG_CXX_LANGUAGE_STANDARD = "gnu++0x";
				CLANG_CXX_LIBRARY = "libc++";
				CLANG_ENABLE_MODULES = YES;
				CLANG_ENABLE_OBJC_ARC = YES;
				CLANG_WARN_BOOL_CONVERSION = YES;
				CLANG_WARN_CONSTANT_CONVERSION = YES;
				CLANG_WARN_DIRECT_OBJC_ISA_USAGE = YES_ERROR;
				CLANG_WARN_DOCUMENTATION_COMMENTS = YES;
				CLANG_WARN_EMPTY_BODY = YES;
				CLANG_WARN_ENUM_CONVERSION = YES;
				CLANG_WARN_INFINITE_RECURSION = YES;
				CLANG_WARN_INT_CONVERSION = YES;
				CLANG_WARN_OBJC_ROOT_CLASS = YES_ERROR;
				CLANG_WARN_SUSPICIOUS_MOVE = YES;
				CLANG_WARN_UNREACHABLE_CODE = YES;
				CLANG_WARN__DUPLICATE_METHOD_MATCH = YES;
				"CODE_SIGN_IDENTITY[sdk=iphoneos*]" = "iPhone Developer";
				COPY_PHASE_STRIP = NO;
				DEBUG_INFORMATION_FORMAT = dwarf;
				ENABLE_STRICT_OBJC_MSGSEND = YES;
				ENABLE_TESTABILITY = YES;
				GCC_C_LANGUAGE_STANDARD = gnu99;
				GCC_DYNAMIC_NO_PIC = NO;
				GCC_NO_COMMON_BLOCKS = YES;
				GCC_OPTIMIZATION_LEVEL = 0;
				GCC_PREPROCESSOR_DEFINITIONS = (
					"DEBUG=1",
					"$(inherited)",
				);
				GCC_WARN_64_TO_32_BIT_CONVERSION = YES;
				GCC_WARN_ABOUT_RETURN_TYPE = YES_ERROR;
				GCC_WARN_UNDECLARED_SELECTOR = YES;
				GCC_WARN_UNINITIALIZED_AUTOS = YES_AGGRESSIVE;
				GCC_WARN_UNUSED_FUNCTION = YES;
				GCC_WARN_UNUSED_VARIABLE = YES;
				IPHONEOS_DEPLOYMENT_TARGET = 9.3;
				MTL_ENABLE_DEBUG_INFO = YES;
				ONLY_ACTIVE_ARCH = YES;
				SDKROOT = iphoneos;
				SWIFT_ACTIVE_COMPILATION_CONDITIONS = DEBUG;
				SWIFT_OPTIMIZATION_LEVEL = "-Onone";
				SWIFT_VERSION = 4.0;
				TARGETED_DEVICE_FAMILY = "1,2";
			};
			name = Debug;
		};
		24AE745A1F4B5C1D007D2719 /* Release */ = {
			isa = XCBuildConfiguration;
			buildSettings = {
				ALWAYS_SEARCH_USER_PATHS = NO;
				CLANG_ANALYZER_NONNULL = YES;
				CLANG_ANALYZER_NUMBER_OBJECT_CONVERSION = YES_AGGRESSIVE;
				CLANG_CXX_LANGUAGE_STANDARD = "gnu++0x";
				CLANG_CXX_LIBRARY = "libc++";
				CLANG_ENABLE_MODULES = YES;
				CLANG_ENABLE_OBJC_ARC = YES;
				CLANG_WARN_BOOL_CONVERSION = YES;
				CLANG_WARN_CONSTANT_CONVERSION = YES;
				CLANG_WARN_DIRECT_OBJC_ISA_USAGE = YES_ERROR;
				CLANG_WARN_DOCUMENTATION_COMMENTS = YES;
				CLANG_WARN_EMPTY_BODY = YES;
				CLANG_WARN_ENUM_CONVERSION = YES;
				CLANG_WARN_INFINITE_RECURSION = YES;
				CLANG_WARN_INT_CONVERSION = YES;
				CLANG_WARN_OBJC_ROOT_CLASS = YES_ERROR;
				CLANG_WARN_SUSPICIOUS_MOVE = YES;
				CLANG_WARN_UNREACHABLE_CODE = YES;
				CLANG_WARN__DUPLICATE_METHOD_MATCH = YES;
				"CODE_SIGN_IDENTITY[sdk=iphoneos*]" = "iPhone Developer";
				COPY_PHASE_STRIP = NO;
				DEBUG_INFORMATION_FORMAT = "dwarf-with-dsym";
				ENABLE_NS_ASSERTIONS = NO;
				ENABLE_STRICT_OBJC_MSGSEND = YES;
				GCC_C_LANGUAGE_STANDARD = gnu99;
				GCC_NO_COMMON_BLOCKS = YES;
				GCC_WARN_64_TO_32_BIT_CONVERSION = YES;
				GCC_WARN_ABOUT_RETURN_TYPE = YES_ERROR;
				GCC_WARN_UNDECLARED_SELECTOR = YES;
				GCC_WARN_UNINITIALIZED_AUTOS = YES_AGGRESSIVE;
				GCC_WARN_UNUSED_FUNCTION = YES;
				GCC_WARN_UNUSED_VARIABLE = YES;
				IPHONEOS_DEPLOYMENT_TARGET = 9.3;
				MTL_ENABLE_DEBUG_INFO = NO;
				SDKROOT = iphoneos;
				SWIFT_OPTIMIZATION_LEVEL = "-Owholemodule";
				SWIFT_VERSION = 4.0;
				TARGETED_DEVICE_FAMILY = "1,2";
				VALIDATE_PRODUCT = YES;
			};
			name = Release;
		};
		24AE745C1F4B5C1D007D2719 /* Debug */ = {
			isa = XCBuildConfiguration;
			baseConfigurationReference = 4845E3CDCDCB360E173B7025 /* Pods-EyesApp.debug.xcconfig */;
			buildSettings = {
				ASSETCATALOG_COMPILER_APPICON_NAME = AppIcon;
				CODE_SIGN_IDENTITY = "iPhone Developer";
				"CODE_SIGN_IDENTITY[sdk=iphoneos*]" = "iPhone Developer";
				CODE_SIGN_STYLE = Automatic;
				DEVELOPMENT_TEAM = HHKSC9S7CP;
				INFOPLIST_FILE = EyesApp/Info.plist;
				IPHONEOS_DEPLOYMENT_TARGET = 9.0;
				LD_RUNPATH_SEARCH_PATHS = "$(inherited) @executable_path/Frameworks";
				PRODUCT_BUNDLE_IDENTIFIER = com.EyesApp.dev;
				PRODUCT_NAME = "$(TARGET_NAME)";
				PROVISIONING_PROFILE_SPECIFIER = "";
				SWIFT_VERSION = 3.0;
			};
			name = Debug;
		};
		24AE745D1F4B5C1D007D2719 /* Release */ = {
			isa = XCBuildConfiguration;
			baseConfigurationReference = 50A9930B2C7C2BD58C696513 /* Pods-EyesApp.release.xcconfig */;
			buildSettings = {
				ASSETCATALOG_COMPILER_APPICON_NAME = AppIcon;
				CODE_SIGN_IDENTITY = "iPhone Developer";
				"CODE_SIGN_IDENTITY[sdk=iphoneos*]" = "iPhone Developer";
				CODE_SIGN_STYLE = Automatic;
				DEVELOPMENT_TEAM = HHKSC9S7CP;
				INFOPLIST_FILE = EyesApp/Info.plist;
				IPHONEOS_DEPLOYMENT_TARGET = 9.0;
				LD_RUNPATH_SEARCH_PATHS = "$(inherited) @executable_path/Frameworks";
				PRODUCT_BUNDLE_IDENTIFIER = com.EyesApp.dev;
				PRODUCT_NAME = "$(TARGET_NAME)";
				PROVISIONING_PROFILE_SPECIFIER = "";
				SWIFT_VERSION = 3.0;
			};
			name = Release;
		};
/* End XCBuildConfiguration section */

/* Begin XCConfigurationList section */
		24AE74441F4B5C1D007D2719 /* Build configuration list for PBXProject "EyesApp" */ = {
			isa = XCConfigurationList;
			buildConfigurations = (
				24AE74591F4B5C1D007D2719 /* Debug */,
				241CF3E31FF14B72001F2036 /* Stubs */,
				24AE745A1F4B5C1D007D2719 /* Release */,
			);
			defaultConfigurationIsVisible = 0;
			defaultConfigurationName = Stubs;
		};
		24AE745B1F4B5C1D007D2719 /* Build configuration list for PBXNativeTarget "EyesApp" */ = {
			isa = XCConfigurationList;
			buildConfigurations = (
				24AE745C1F4B5C1D007D2719 /* Debug */,
				241CF3E41FF14B72001F2036 /* Stubs */,
				24AE745D1F4B5C1D007D2719 /* Release */,
			);
			defaultConfigurationIsVisible = 0;
			defaultConfigurationName = Stubs;
		};
/* End XCConfigurationList section */
	};
	rootObject = 24AE74411F4B5C1D007D2719 /* Project object */;
}
